// !$*UTF8*$!
{
	archiveVersion = 1;
	classes = {
	};
	objectVersion = 46;
	objects = {

/* Begin PBXBuildFile section */
		5D0892A482C9CB7ACADDD2FF /* libPods.a in Frameworks */ = {isa = PBXBuildFile; fileRef = 95D0105DD10EC9E0A3787615 /* libPods.a */; };
		B32D7DDEC6FA79C20C15F612 /* libPods-ScrapHeapTests.a in Frameworks */ = {isa = PBXBuildFile; fileRef = 594CC3D7707DC0087E87121E /* libPods-ScrapHeapTests.a */; };
		CC5DCF391A014277000C813E /* main.m in Sources */ = {isa = PBXBuildFile; fileRef = CC5DCF381A014277000C813E /* main.m */; };
		CC5DCF3C1A014277000C813E /* SCRAppDelegate.m in Sources */ = {isa = PBXBuildFile; fileRef = CC5DCF3B1A014277000C813E /* SCRAppDelegate.m */; };
		CC5DCF3F1A014277000C813E /* ScrapHeap.xcdatamodeld in Sources */ = {isa = PBXBuildFile; fileRef = CC5DCF3D1A014277000C813E /* ScrapHeap.xcdatamodeld */; };
		CC5DCF451A014277000C813E /* Main.storyboard in Resources */ = {isa = PBXBuildFile; fileRef = CC5DCF431A014277000C813E /* Main.storyboard */; };
		CC5DCF471A014277000C813E /* Images.xcassets in Resources */ = {isa = PBXBuildFile; fileRef = CC5DCF461A014277000C813E /* Images.xcassets */; };
		CC5DCF4A1A014277000C813E /* LaunchScreen.xib in Resources */ = {isa = PBXBuildFile; fileRef = CC5DCF481A014277000C813E /* LaunchScreen.xib */; };
		CC5DCF561A014277000C813E /* ScrapHeapTests.m in Sources */ = {isa = PBXBuildFile; fileRef = CC5DCF551A014277000C813E /* ScrapHeapTests.m */; };
		CC9F56B61A0167FF00C54F77 /* SCRMapViewController.m in Sources */ = {isa = PBXBuildFile; fileRef = CC9F56B51A0167FF00C54F77 /* SCRMapViewController.m */; };
		CC9F56BC1A01688400C54F77 /* SCRRootViewController.m in Sources */ = {isa = PBXBuildFile; fileRef = CC9F56BB1A01688400C54F77 /* SCRRootViewController.m */; };
		CC9F56C61A01852800C54F77 /* SCRConstants.m in Sources */ = {isa = PBXBuildFile; fileRef = CC9F56C51A01852800C54F77 /* SCRConstants.m */; };
		CCAEFDB51A03F265003E0143 /* SCRTabBarController.m in Sources */ = {isa = PBXBuildFile; fileRef = CCAEFDB41A03F265003E0143 /* SCRTabBarController.m */; };
		CCAEFDB81A0426AD003E0143 /* SCRNetworking.m in Sources */ = {isa = PBXBuildFile; fileRef = CCAEFDB71A0426AD003E0143 /* SCRNetworking.m */; };
		CCFE8DC11A07E9960066C8C0 /* SCRDetailViewController.m in Sources */ = {isa = PBXBuildFile; fileRef = CCFE8DC01A07E9960066C8C0 /* SCRDetailViewController.m */; };
		CCFE8DC71A07EEC40066C8C0 /* ScrapHeap.xcdatamodeld in Sources */ = {isa = PBXBuildFile; fileRef = CCFE8DC51A07EEC40066C8C0 /* ScrapHeap.xcdatamodeld */; };
/* End PBXBuildFile section */

/* Begin PBXContainerItemProxy section */
		CC5DCF501A014277000C813E /* PBXContainerItemProxy */ = {
			isa = PBXContainerItemProxy;
			containerPortal = CC5DCF2B1A014276000C813E /* Project object */;
			proxyType = 1;
			remoteGlobalIDString = CC5DCF321A014277000C813E;
			remoteInfo = ScrapHeap;
		};
/* End PBXContainerItemProxy section */

/* Begin PBXFileReference section */
		16C754D2276210D4B80D8EED /* Pods-ScrapHeapTests.debug.xcconfig */ = {isa = PBXFileReference; includeInIndex = 1; lastKnownFileType = text.xcconfig; name = "Pods-ScrapHeapTests.debug.xcconfig"; path = "Pods/Target Support Files/Pods-ScrapHeapTests/Pods-ScrapHeapTests.debug.xcconfig"; sourceTree = "<group>"; };
		594CC3D7707DC0087E87121E /* libPods-ScrapHeapTests.a */ = {isa = PBXFileReference; explicitFileType = archive.ar; includeInIndex = 0; path = "libPods-ScrapHeapTests.a"; sourceTree = BUILT_PRODUCTS_DIR; };
		95D0105DD10EC9E0A3787615 /* libPods.a */ = {isa = PBXFileReference; explicitFileType = archive.ar; includeInIndex = 0; path = libPods.a; sourceTree = BUILT_PRODUCTS_DIR; };
		A0A17D6FF2446B545F4F0DC7 /* Pods-ScrapHeapTests.release.xcconfig */ = {isa = PBXFileReference; includeInIndex = 1; lastKnownFileType = text.xcconfig; name = "Pods-ScrapHeapTests.release.xcconfig"; path = "Pods/Target Support Files/Pods-ScrapHeapTests/Pods-ScrapHeapTests.release.xcconfig"; sourceTree = "<group>"; };
		CC5DCF331A014277000C813E /* ScrapHeap.app */ = {isa = PBXFileReference; explicitFileType = wrapper.application; includeInIndex = 0; path = ScrapHeap.app; sourceTree = BUILT_PRODUCTS_DIR; };
		CC5DCF371A014277000C813E /* Info.plist */ = {isa = PBXFileReference; lastKnownFileType = text.plist.xml; path = Info.plist; sourceTree = "<group>"; };
		CC5DCF381A014277000C813E /* main.m */ = {isa = PBXFileReference; lastKnownFileType = sourcecode.c.objc; path = main.m; sourceTree = "<group>"; };
		CC5DCF3A1A014277000C813E /* SCRAppDelegate.h */ = {isa = PBXFileReference; lastKnownFileType = sourcecode.c.h; path = SCRAppDelegate.h; sourceTree = "<group>"; };
		CC5DCF3B1A014277000C813E /* SCRAppDelegate.m */ = {isa = PBXFileReference; lastKnownFileType = sourcecode.c.objc; path = SCRAppDelegate.m; sourceTree = "<group>"; };
		CC5DCF3E1A014277000C813E /* ScrapHeap.xcdatamodel */ = {isa = PBXFileReference; lastKnownFileType = wrapper.xcdatamodel; path = ScrapHeap.xcdatamodel; sourceTree = "<group>"; };
		CC5DCF441A014277000C813E /* Base */ = {isa = PBXFileReference; lastKnownFileType = file.storyboard; name = Base; path = Base.lproj/Main.storyboard; sourceTree = "<group>"; };
		CC5DCF461A014277000C813E /* Images.xcassets */ = {isa = PBXFileReference; lastKnownFileType = folder.assetcatalog; path = Images.xcassets; sourceTree = "<group>"; };
		CC5DCF491A014277000C813E /* Base */ = {isa = PBXFileReference; lastKnownFileType = file.xib; name = Base; path = Base.lproj/LaunchScreen.xib; sourceTree = "<group>"; };
		CC5DCF4F1A014277000C813E /* ScrapHeapTests.xctest */ = {isa = PBXFileReference; explicitFileType = wrapper.cfbundle; includeInIndex = 0; path = ScrapHeapTests.xctest; sourceTree = BUILT_PRODUCTS_DIR; };
		CC5DCF541A014277000C813E /* Info.plist */ = {isa = PBXFileReference; lastKnownFileType = text.plist.xml; path = Info.plist; sourceTree = "<group>"; };
		CC5DCF551A014277000C813E /* ScrapHeapTests.m */ = {isa = PBXFileReference; lastKnownFileType = sourcecode.c.objc; path = ScrapHeapTests.m; sourceTree = "<group>"; };
		CC9F56B41A0167FF00C54F77 /* SCRMapViewController.h */ = {isa = PBXFileReference; fileEncoding = 4; lastKnownFileType = sourcecode.c.h; path = SCRMapViewController.h; sourceTree = "<group>"; };
		CC9F56B51A0167FF00C54F77 /* SCRMapViewController.m */ = {isa = PBXFileReference; fileEncoding = 4; lastKnownFileType = sourcecode.c.objc; path = SCRMapViewController.m; sourceTree = "<group>"; };
		CC9F56BA1A01688400C54F77 /* SCRRootViewController.h */ = {isa = PBXFileReference; fileEncoding = 4; lastKnownFileType = sourcecode.c.h; path = SCRRootViewController.h; sourceTree = "<group>"; };
		CC9F56BB1A01688400C54F77 /* SCRRootViewController.m */ = {isa = PBXFileReference; fileEncoding = 4; lastKnownFileType = sourcecode.c.objc; path = SCRRootViewController.m; sourceTree = "<group>"; };
		CC9F56C41A01852800C54F77 /* SCRConstants.h */ = {isa = PBXFileReference; fileEncoding = 4; lastKnownFileType = sourcecode.c.h; path = SCRConstants.h; sourceTree = "<group>"; };
		CC9F56C51A01852800C54F77 /* SCRConstants.m */ = {isa = PBXFileReference; fileEncoding = 4; lastKnownFileType = sourcecode.c.objc; path = SCRConstants.m; sourceTree = "<group>"; };
		CC9F56C71A01884000C54F77 /* ScrapHeap-Prefix.pch */ = {isa = PBXFileReference; lastKnownFileType = sourcecode.c.h; path = "ScrapHeap-Prefix.pch"; sourceTree = "<group>"; };
		CCAEFDB31A03F265003E0143 /* SCRTabBarController.h */ = {isa = PBXFileReference; fileEncoding = 4; lastKnownFileType = sourcecode.c.h; path = SCRTabBarController.h; sourceTree = "<group>"; };
		CCAEFDB41A03F265003E0143 /* SCRTabBarController.m */ = {isa = PBXFileReference; fileEncoding = 4; lastKnownFileType = sourcecode.c.objc; path = SCRTabBarController.m; sourceTree = "<group>"; };
		CCAEFDB61A0426AD003E0143 /* SCRNetworking.h */ = {isa = PBXFileReference; fileEncoding = 4; lastKnownFileType = sourcecode.c.h; path = SCRNetworking.h; sourceTree = "<group>"; };
		CCAEFDB71A0426AD003E0143 /* SCRNetworking.m */ = {isa = PBXFileReference; fileEncoding = 4; lastKnownFileType = sourcecode.c.objc; path = SCRNetworking.m; sourceTree = "<group>"; };
		CCFE8DBF1A07E9960066C8C0 /* SCRDetailViewController.h */ = {isa = PBXFileReference; fileEncoding = 4; lastKnownFileType = sourcecode.c.h; path = SCRDetailViewController.h; sourceTree = "<group>"; };
		CCFE8DC01A07E9960066C8C0 /* SCRDetailViewController.m */ = {isa = PBXFileReference; fileEncoding = 4; lastKnownFileType = sourcecode.c.objc; path = SCRDetailViewController.m; sourceTree = "<group>"; };
		CCFE8DC61A07EEC40066C8C0 /* ScrapHeap.xcdatamodel */ = {isa = PBXFileReference; lastKnownFileType = wrapper.xcdatamodel; path = ScrapHeap.xcdatamodel; sourceTree = "<group>"; };
		E88229F0E38C29D86CF8BFCA /* Pods.release.xcconfig */ = {isa = PBXFileReference; includeInIndex = 1; lastKnownFileType = text.xcconfig; name = Pods.release.xcconfig; path = "Pods/Target Support Files/Pods/Pods.release.xcconfig"; sourceTree = "<group>"; };
		EC6C2BCA417F74D29E4765D9 /* Pods.debug.xcconfig */ = {isa = PBXFileReference; includeInIndex = 1; lastKnownFileType = text.xcconfig; name = Pods.debug.xcconfig; path = "Pods/Target Support Files/Pods/Pods.debug.xcconfig"; sourceTree = "<group>"; };
/* End PBXFileReference section */

/* Begin PBXFrameworksBuildPhase section */
		CC5DCF301A014277000C813E /* Frameworks */ = {
			isa = PBXFrameworksBuildPhase;
			buildActionMask = 2147483647;
			files = (
				5D0892A482C9CB7ACADDD2FF /* libPods.a in Frameworks */,
			);
			runOnlyForDeploymentPostprocessing = 0;
		};
		CC5DCF4C1A014277000C813E /* Frameworks */ = {
			isa = PBXFrameworksBuildPhase;
			buildActionMask = 2147483647;
			files = (
				B32D7DDEC6FA79C20C15F612 /* libPods-ScrapHeapTests.a in Frameworks */,
			);
			runOnlyForDeploymentPostprocessing = 0;
		};
/* End PBXFrameworksBuildPhase section */

/* Begin PBXGroup section */
		2477CC768C21FBE150B6A205 /* Frameworks */ = {
			isa = PBXGroup;
			children = (
				95D0105DD10EC9E0A3787615 /* libPods.a */,
				594CC3D7707DC0087E87121E /* libPods-ScrapHeapTests.a */,
			);
			name = Frameworks;
			sourceTree = "<group>";
		};
		C028E446629F3EF4163C4C04 /* Pods */ = {
			isa = PBXGroup;
			children = (
				EC6C2BCA417F74D29E4765D9 /* Pods.debug.xcconfig */,
				E88229F0E38C29D86CF8BFCA /* Pods.release.xcconfig */,
				16C754D2276210D4B80D8EED /* Pods-ScrapHeapTests.debug.xcconfig */,
				A0A17D6FF2446B545F4F0DC7 /* Pods-ScrapHeapTests.release.xcconfig */,
			);
			name = Pods;
			sourceTree = "<group>";
		};
		CC5DCF2A1A014276000C813E = {
			isa = PBXGroup;
			children = (
				CC5DCF351A014277000C813E /* ScrapHeap */,
				CC5DCF521A014277000C813E /* ScrapHeapTests */,
				CC5DCF341A014277000C813E /* Products */,
				C028E446629F3EF4163C4C04 /* Pods */,
				2477CC768C21FBE150B6A205 /* Frameworks */,
			);
			sourceTree = "<group>";
		};
		CC5DCF341A014277000C813E /* Products */ = {
			isa = PBXGroup;
			children = (
				CC5DCF331A014277000C813E /* ScrapHeap.app */,
				CC5DCF4F1A014277000C813E /* ScrapHeapTests.xctest */,
			);
			name = Products;
			sourceTree = "<group>";
		};
		CC5DCF351A014277000C813E /* ScrapHeap */ = {
			isa = PBXGroup;
			children = (
				CC5DCF3A1A014277000C813E /* SCRAppDelegate.h */,
				CC5DCF3B1A014277000C813E /* SCRAppDelegate.m */,
				CC5DCF431A014277000C813E /* Main.storyboard */,
				CC9F56C31A01850800C54F77 /* Shared Utility */,
				CC5DCF5F1A0153B9000C813E /* Categories */,
				CC5DCF601A0153B9000C813E /* Models */,
				CC5DCF611A0153B9000C813E /* Networking */,
				CC5DCF621A0153B9000C813E /* ViewControllers */,
				CC5DCF631A0153B9000C813E /* Views */,
				CC5DCF461A014277000C813E /* Images.xcassets */,
				CC5DCF481A014277000C813E /* LaunchScreen.xib */,
				CC5DCF3D1A014277000C813E /* ScrapHeap.xcdatamodeld */,
				CC5DCF361A014277000C813E /* Supporting Files */,
			);
			path = ScrapHeap;
			sourceTree = "<group>";
		};
		CC5DCF361A014277000C813E /* Supporting Files */ = {
			isa = PBXGroup;
			children = (
				CC5DCF371A014277000C813E /* Info.plist */,
				CC5DCF381A014277000C813E /* main.m */,
				CC9F56C71A01884000C54F77 /* ScrapHeap-Prefix.pch */,
			);
			name = "Supporting Files";
			sourceTree = "<group>";
		};
		CC5DCF521A014277000C813E /* ScrapHeapTests */ = {
			isa = PBXGroup;
			children = (
				CC5DCF551A014277000C813E /* ScrapHeapTests.m */,
				CC5DCF531A014277000C813E /* Supporting Files */,
			);
			path = ScrapHeapTests;
			sourceTree = "<group>";
		};
		CC5DCF531A014277000C813E /* Supporting Files */ = {
			isa = PBXGroup;
			children = (
				CC5DCF541A014277000C813E /* Info.plist */,
			);
			name = "Supporting Files";
			sourceTree = "<group>";
		};
		CC5DCF5F1A0153B9000C813E /* Categories */ = {
			isa = PBXGroup;
			children = (
			);
			path = Categories;
			sourceTree = "<group>";
		};
		CC5DCF601A0153B9000C813E /* Models */ = {
			isa = PBXGroup;
			children = (
				CCFE8DC51A07EEC40066C8C0 /* ScrapHeap.xcdatamodeld */,
			);
			path = Models;
			sourceTree = "<group>";
		};
		CC5DCF611A0153B9000C813E /* Networking */ = {
			isa = PBXGroup;
			children = (
				CCAEFDB61A0426AD003E0143 /* SCRNetworking.h */,
				CCAEFDB71A0426AD003E0143 /* SCRNetworking.m */,
			);
			path = Networking;
			sourceTree = "<group>";
		};
		CC5DCF621A0153B9000C813E /* ViewControllers */ = {
			isa = PBXGroup;
			children = (
				CC9F56BA1A01688400C54F77 /* SCRRootViewController.h */,
				CC9F56BB1A01688400C54F77 /* SCRRootViewController.m */,
				CCAEFDB31A03F265003E0143 /* SCRTabBarController.h */,
				CCAEFDB41A03F265003E0143 /* SCRTabBarController.m */,
				CC9F56B41A0167FF00C54F77 /* SCRMapViewController.h */,
				CC9F56B51A0167FF00C54F77 /* SCRMapViewController.m */,
				CCFE8DBF1A07E9960066C8C0 /* SCRDetailViewController.h */,
				CCFE8DC01A07E9960066C8C0 /* SCRDetailViewController.m */,
			);
			path = ViewControllers;
			sourceTree = "<group>";
		};
		CC5DCF631A0153B9000C813E /* Views */ = {
			isa = PBXGroup;
			children = (
			);
			path = Views;
			sourceTree = "<group>";
		};
		CC9F56C31A01850800C54F77 /* Shared Utility */ = {
			isa = PBXGroup;
			children = (
				CC9F56C41A01852800C54F77 /* SCRConstants.h */,
				CC9F56C51A01852800C54F77 /* SCRConstants.m */,
			);
			path = "Shared Utility";
			sourceTree = "<group>";
		};
/* End PBXGroup section */

/* Begin PBXNativeTarget section */
		CC5DCF321A014277000C813E /* ScrapHeap */ = {
			isa = PBXNativeTarget;
			buildConfigurationList = CC5DCF591A014277000C813E /* Build configuration list for PBXNativeTarget "ScrapHeap" */;
			buildPhases = (
				2C94D4AC1D7E582586B61A47 /* Check Pods Manifest.lock */,
				CC5DCF2F1A014277000C813E /* Sources */,
				CC5DCF301A014277000C813E /* Frameworks */,
				CC5DCF311A014277000C813E /* Resources */,
				41196487BCC619E43DDDA83F /* Copy Pods Resources */,
				CC8E27041A0159CA00D3E6D8 /* Objective-Clean Run Script */,
			);
			buildRules = (
			);
			dependencies = (
			);
			name = ScrapHeap;
			productName = ScrapHeap;
			productReference = CC5DCF331A014277000C813E /* ScrapHeap.app */;
			productType = "com.apple.product-type.application";
		};
		CC5DCF4E1A014277000C813E /* ScrapHeapTests */ = {
			isa = PBXNativeTarget;
			buildConfigurationList = CC5DCF5C1A014277000C813E /* Build configuration list for PBXNativeTarget "ScrapHeapTests" */;
			buildPhases = (
				636CD22C6934AFF46A2FA84E /* Check Pods Manifest.lock */,
				CC5DCF4B1A014277000C813E /* Sources */,
				CC5DCF4C1A014277000C813E /* Frameworks */,
				CC5DCF4D1A014277000C813E /* Resources */,
				24C8B323433E84421D70D946 /* Copy Pods Resources */,
			);
			buildRules = (
			);
			dependencies = (
				CC5DCF511A014277000C813E /* PBXTargetDependency */,
			);
			name = ScrapHeapTests;
			productName = ScrapHeapTests;
			productReference = CC5DCF4F1A014277000C813E /* ScrapHeapTests.xctest */;
			productType = "com.apple.product-type.bundle.unit-test";
		};
/* End PBXNativeTarget section */

/* Begin PBXProject section */
		CC5DCF2B1A014276000C813E /* Project object */ = {
			isa = PBXProject;
			attributes = {
				LastUpgradeCheck = 0610;
				ORGANIZATIONNAME = "Rachel Hyman";
				TargetAttributes = {
					CC5DCF321A014277000C813E = {
						CreatedOnToolsVersion = 6.1;
					};
					CC5DCF4E1A014277000C813E = {
						CreatedOnToolsVersion = 6.1;
						TestTargetID = CC5DCF321A014277000C813E;
					};
				};
			};
			buildConfigurationList = CC5DCF2E1A014276000C813E /* Build configuration list for PBXProject "ScrapHeap" */;
			compatibilityVersion = "Xcode 3.2";
			developmentRegion = English;
			hasScannedForEncodings = 0;
			knownRegions = (
				en,
				Base,
			);
			mainGroup = CC5DCF2A1A014276000C813E;
			productRefGroup = CC5DCF341A014277000C813E /* Products */;
			projectDirPath = "";
			projectRoot = "";
			targets = (
				CC5DCF321A014277000C813E /* ScrapHeap */,
				CC5DCF4E1A014277000C813E /* ScrapHeapTests */,
			);
		};
/* End PBXProject section */

/* Begin PBXResourcesBuildPhase section */
		CC5DCF311A014277000C813E /* Resources */ = {
			isa = PBXResourcesBuildPhase;
			buildActionMask = 2147483647;
			files = (
				CC5DCF451A014277000C813E /* Main.storyboard in Resources */,
				CC5DCF4A1A014277000C813E /* LaunchScreen.xib in Resources */,
				CC5DCF471A014277000C813E /* Images.xcassets in Resources */,
			);
			runOnlyForDeploymentPostprocessing = 0;
		};
		CC5DCF4D1A014277000C813E /* Resources */ = {
			isa = PBXResourcesBuildPhase;
			buildActionMask = 2147483647;
			files = (
			);
			runOnlyForDeploymentPostprocessing = 0;
		};
/* End PBXResourcesBuildPhase section */

/* Begin PBXShellScriptBuildPhase section */
		24C8B323433E84421D70D946 /* Copy Pods Resources */ = {
			isa = PBXShellScriptBuildPhase;
			buildActionMask = 2147483647;
			files = (
			);
			inputPaths = (
			);
			name = "Copy Pods Resources";
			outputPaths = (
			);
			runOnlyForDeploymentPostprocessing = 0;
			shellPath = /bin/sh;
			shellScript = "\"${SRCROOT}/Pods/Target Support Files/Pods-ScrapHeapTests/Pods-ScrapHeapTests-resources.sh\"\n";
			showEnvVarsInLog = 0;
		};
		2C94D4AC1D7E582586B61A47 /* Check Pods Manifest.lock */ = {
			isa = PBXShellScriptBuildPhase;
			buildActionMask = 2147483647;
			files = (
			);
			inputPaths = (
			);
			name = "Check Pods Manifest.lock";
			outputPaths = (
			);
			runOnlyForDeploymentPostprocessing = 0;
			shellPath = /bin/sh;
			shellScript = "diff \"${PODS_ROOT}/../Podfile.lock\" \"${PODS_ROOT}/Manifest.lock\" > /dev/null\nif [[ $? != 0 ]] ; then\n    cat << EOM\nerror: The sandbox is not in sync with the Podfile.lock. Run 'pod install' or update your CocoaPods installation.\nEOM\n    exit 1\nfi\n";
			showEnvVarsInLog = 0;
		};
		41196487BCC619E43DDDA83F /* Copy Pods Resources */ = {
			isa = PBXShellScriptBuildPhase;
			buildActionMask = 2147483647;
			files = (
			);
			inputPaths = (
			);
			name = "Copy Pods Resources";
			outputPaths = (
			);
			runOnlyForDeploymentPostprocessing = 0;
			shellPath = /bin/sh;
			shellScript = "\"${SRCROOT}/Pods/Target Support Files/Pods/Pods-resources.sh\"\n";
			showEnvVarsInLog = 0;
		};
		636CD22C6934AFF46A2FA84E /* Check Pods Manifest.lock */ = {
			isa = PBXShellScriptBuildPhase;
			buildActionMask = 2147483647;
			files = (
			);
			inputPaths = (
			);
			name = "Check Pods Manifest.lock";
			outputPaths = (
			);
			runOnlyForDeploymentPostprocessing = 0;
			shellPath = /bin/sh;
			shellScript = "diff \"${PODS_ROOT}/../Podfile.lock\" \"${PODS_ROOT}/Manifest.lock\" > /dev/null\nif [[ $? != 0 ]] ; then\n    cat << EOM\nerror: The sandbox is not in sync with the Podfile.lock. Run 'pod install' or update your CocoaPods installation.\nEOM\n    exit 1\nfi\n";
			showEnvVarsInLog = 0;
		};
		CC8E27041A0159CA00D3E6D8 /* Objective-Clean Run Script */ = {
			isa = PBXShellScriptBuildPhase;
			buildActionMask = 2147483647;
			files = (
			);
			inputPaths = (
			);
			name = "Objective-Clean Run Script";
			outputPaths = (
			);
			runOnlyForDeploymentPostprocessing = 0;
			shellPath = /bin/sh;
			shellScript = "if [[ -z ${SKIP_OBJCLEAN} || ${SKIP_OBJCLEAN} != 1 ]]; then\nif [[ -d \"${LOCAL_APPS_DIR}/Objective-Clean.app\" ]]; then\n\"${LOCAL_APPS_DIR}\"/Objective-Clean.app/Contents/Resources/ObjClean.app/Contents/MacOS/ObjClean \"${SRCROOT}\"\nelse\necho \"warning: You have to install and set up Objective-Clean to use its features!\"\nfi\nfi";
		};
/* End PBXShellScriptBuildPhase section */

/* Begin PBXSourcesBuildPhase section */
		CC5DCF2F1A014277000C813E /* Sources */ = {
			isa = PBXSourcesBuildPhase;
			buildActionMask = 2147483647;
			files = (
				CCAEFDB51A03F265003E0143 /* SCRTabBarController.m in Sources */,
				CCFE8DC71A07EEC40066C8C0 /* ScrapHeap.xcdatamodeld in Sources */,
				CC5DCF3C1A014277000C813E /* SCRAppDelegate.m in Sources */,
				CC9F56BC1A01688400C54F77 /* SCRRootViewController.m in Sources */,
				CC5DCF391A014277000C813E /* main.m in Sources */,
				CCFE8DC11A07E9960066C8C0 /* SCRDetailViewController.m in Sources */,
				CC9F56B61A0167FF00C54F77 /* SCRMapViewController.m in Sources */,
				CCAEFDB81A0426AD003E0143 /* SCRNetworking.m in Sources */,
				CC5DCF3F1A014277000C813E /* ScrapHeap.xcdatamodeld in Sources */,
				CC9F56C61A01852800C54F77 /* SCRConstants.m in Sources */,
			);
			runOnlyForDeploymentPostprocessing = 0;
		};
		CC5DCF4B1A014277000C813E /* Sources */ = {
			isa = PBXSourcesBuildPhase;
			buildActionMask = 2147483647;
			files = (
				CC5DCF561A014277000C813E /* ScrapHeapTests.m in Sources */,
			);
			runOnlyForDeploymentPostprocessing = 0;
		};
/* End PBXSourcesBuildPhase section */

/* Begin PBXTargetDependency section */
		CC5DCF511A014277000C813E /* PBXTargetDependency */ = {
			isa = PBXTargetDependency;
			target = CC5DCF321A014277000C813E /* ScrapHeap */;
			targetProxy = CC5DCF501A014277000C813E /* PBXContainerItemProxy */;
		};
/* End PBXTargetDependency section */

/* Begin PBXVariantGroup section */
		CC5DCF431A014277000C813E /* Main.storyboard */ = {
			isa = PBXVariantGroup;
			children = (
				CC5DCF441A014277000C813E /* Base */,
			);
			name = Main.storyboard;
			sourceTree = "<group>";
		};
		CC5DCF481A014277000C813E /* LaunchScreen.xib */ = {
			isa = PBXVariantGroup;
			children = (
				CC5DCF491A014277000C813E /* Base */,
			);
			name = LaunchScreen.xib;
			sourceTree = "<group>";
		};
/* End PBXVariantGroup section */

/* Begin XCBuildConfiguration section */
		CC5DCF571A014277000C813E /* Debug */ = {
			isa = XCBuildConfiguration;
			buildSettings = {
				ALWAYS_SEARCH_USER_PATHS = NO;
				CLANG_CXX_LANGUAGE_STANDARD = "gnu++0x";
				CLANG_CXX_LIBRARY = "libc++";
				CLANG_ENABLE_MODULES = YES;
				CLANG_ENABLE_OBJC_ARC = YES;
				CLANG_WARN_BOOL_CONVERSION = YES;
				CLANG_WARN_CONSTANT_CONVERSION = YES;
				CLANG_WARN_DIRECT_OBJC_ISA_USAGE = YES_ERROR;
				CLANG_WARN_EMPTY_BODY = YES;
				CLANG_WARN_ENUM_CONVERSION = YES;
				CLANG_WARN_INT_CONVERSION = YES;
				CLANG_WARN_OBJC_ROOT_CLASS = YES_ERROR;
				CLANG_WARN_UNREACHABLE_CODE = YES;
				CLANG_WARN__DUPLICATE_METHOD_MATCH = YES;
				"CODE_SIGN_IDENTITY[sdk=iphoneos*]" = "iPhone Developer";
				COPY_PHASE_STRIP = NO;
				ENABLE_STRICT_OBJC_MSGSEND = YES;
				GCC_C_LANGUAGE_STANDARD = gnu99;
				GCC_DYNAMIC_NO_PIC = NO;
				GCC_OPTIMIZATION_LEVEL = 0;
				GCC_PREPROCESSOR_DEFINITIONS = (
					"DEBUG=1",
					"$(inherited)",
				);
				GCC_SYMBOLS_PRIVATE_EXTERN = NO;
				GCC_WARN_64_TO_32_BIT_CONVERSION = YES;
				GCC_WARN_ABOUT_RETURN_TYPE = YES_ERROR;
				GCC_WARN_UNDECLARED_SELECTOR = YES;
				GCC_WARN_UNINITIALIZED_AUTOS = YES_AGGRESSIVE;
				GCC_WARN_UNUSED_FUNCTION = YES;
				GCC_WARN_UNUSED_VARIABLE = YES;
				IPHONEOS_DEPLOYMENT_TARGET = 8.1;
				MTL_ENABLE_DEBUG_INFO = YES;
				ONLY_ACTIVE_ARCH = YES;
				SDKROOT = iphoneos;
			};
			name = Debug;
		};
		CC5DCF581A014277000C813E /* Release */ = {
			isa = XCBuildConfiguration;
			buildSettings = {
				ALWAYS_SEARCH_USER_PATHS = NO;
				CLANG_CXX_LANGUAGE_STANDARD = "gnu++0x";
				CLANG_CXX_LIBRARY = "libc++";
				CLANG_ENABLE_MODULES = YES;
				CLANG_ENABLE_OBJC_ARC = YES;
				CLANG_WARN_BOOL_CONVERSION = YES;
				CLANG_WARN_CONSTANT_CONVERSION = YES;
				CLANG_WARN_DIRECT_OBJC_ISA_USAGE = YES_ERROR;
				CLANG_WARN_EMPTY_BODY = YES;
				CLANG_WARN_ENUM_CONVERSION = YES;
				CLANG_WARN_INT_CONVERSION = YES;
				CLANG_WARN_OBJC_ROOT_CLASS = YES_ERROR;
				CLANG_WARN_UNREACHABLE_CODE = YES;
				CLANG_WARN__DUPLICATE_METHOD_MATCH = YES;
				"CODE_SIGN_IDENTITY[sdk=iphoneos*]" = "iPhone Developer";
				COPY_PHASE_STRIP = YES;
				ENABLE_NS_ASSERTIONS = NO;
				ENABLE_STRICT_OBJC_MSGSEND = YES;
				GCC_C_LANGUAGE_STANDARD = gnu99;
				GCC_WARN_64_TO_32_BIT_CONVERSION = YES;
				GCC_WARN_ABOUT_RETURN_TYPE = YES_ERROR;
				GCC_WARN_UNDECLARED_SELECTOR = YES;
				GCC_WARN_UNINITIALIZED_AUTOS = YES_AGGRESSIVE;
				GCC_WARN_UNUSED_FUNCTION = YES;
				GCC_WARN_UNUSED_VARIABLE = YES;
				IPHONEOS_DEPLOYMENT_TARGET = 8.1;
				MTL_ENABLE_DEBUG_INFO = NO;
				SDKROOT = iphoneos;
				VALIDATE_PRODUCT = YES;
			};
			name = Release;
		};
		CC5DCF5A1A014277000C813E /* Debug */ = {
			isa = XCBuildConfiguration;
			baseConfigurationReference = EC6C2BCA417F74D29E4765D9 /* Pods.debug.xcconfig */;
			buildSettings = {
				ASSETCATALOG_COMPILER_APPICON_NAME = AppIcon;
				GCC_PRECOMPILE_PREFIX_HEADER = YES;
				GCC_PREFIX_HEADER = "ScrapHeap/ScrapHeap-Prefix.pch";
				INFOPLIST_FILE = ScrapHeap/Info.plist;
				IPHONEOS_DEPLOYMENT_TARGET = 8.1;
				LD_RUNPATH_SEARCH_PATHS = "$(inherited) @executable_path/Frameworks";
				PRODUCT_NAME = "$(TARGET_NAME)";
			};
			name = Debug;
		};
		CC5DCF5B1A014277000C813E /* Release */ = {
			isa = XCBuildConfiguration;
			baseConfigurationReference = E88229F0E38C29D86CF8BFCA /* Pods.release.xcconfig */;
			buildSettings = {
				ASSETCATALOG_COMPILER_APPICON_NAME = AppIcon;
				GCC_PRECOMPILE_PREFIX_HEADER = YES;
				GCC_PREFIX_HEADER = "ScrapHeap/ScrapHeap-Prefix.pch";
				INFOPLIST_FILE = ScrapHeap/Info.plist;
				IPHONEOS_DEPLOYMENT_TARGET = 8.1;
				LD_RUNPATH_SEARCH_PATHS = "$(inherited) @executable_path/Frameworks";
				PRODUCT_NAME = "$(TARGET_NAME)";
			};
			name = Release;
		};
		CC5DCF5D1A014277000C813E /* Debug */ = {
			isa = XCBuildConfiguration;
			baseConfigurationReference = 16C754D2276210D4B80D8EED /* Pods-ScrapHeapTests.debug.xcconfig */;
			buildSettings = {
				BUNDLE_LOADER = "$(TEST_HOST)";
				FRAMEWORK_SEARCH_PATHS = (
					"$(SDKROOT)/Developer/Library/Frameworks",
					"$(inherited)",
				);
				GCC_PREPROCESSOR_DEFINITIONS = (
					"DEBUG=1",
					"$(inherited)",
				);
				INFOPLIST_FILE = ScrapHeapTests/Info.plist;
				LD_RUNPATH_SEARCH_PATHS = "$(inherited) @executable_path/Frameworks @loader_path/Frameworks";
				PRODUCT_NAME = "$(TARGET_NAME)";
				TEST_HOST = "$(BUILT_PRODUCTS_DIR)/ScrapHeap.app/ScrapHeap";
			};
			name = Debug;
		};
		CC5DCF5E1A014277000C813E /* Release */ = {
			isa = XCBuildConfiguration;
			baseConfigurationReference = A0A17D6FF2446B545F4F0DC7 /* Pods-ScrapHeapTests.release.xcconfig */;
			buildSettings = {
				BUNDLE_LOADER = "$(TEST_HOST)";
				FRAMEWORK_SEARCH_PATHS = (
					"$(SDKROOT)/Developer/Library/Frameworks",
					"$(inherited)",
				);
				INFOPLIST_FILE = ScrapHeapTests/Info.plist;
				LD_RUNPATH_SEARCH_PATHS = "$(inherited) @executable_path/Frameworks @loader_path/Frameworks";
				PRODUCT_NAME = "$(TARGET_NAME)";
				TEST_HOST = "$(BUILT_PRODUCTS_DIR)/ScrapHeap.app/ScrapHeap";
			};
			name = Release;
		};
/* End XCBuildConfiguration section */

/* Begin XCConfigurationList section */
		CC5DCF2E1A014276000C813E /* Build configuration list for PBXProject "ScrapHeap" */ = {
			isa = XCConfigurationList;
			buildConfigurations = (
				CC5DCF571A014277000C813E /* Debug */,
				CC5DCF581A014277000C813E /* Release */,
			);
			defaultConfigurationIsVisible = 0;
			defaultConfigurationName = Release;
		};
		CC5DCF591A014277000C813E /* Build configuration list for PBXNativeTarget "ScrapHeap" */ = {
			isa = XCConfigurationList;
			buildConfigurations = (
				CC5DCF5A1A014277000C813E /* Debug */,
				CC5DCF5B1A014277000C813E /* Release */,
			);
			defaultConfigurationIsVisible = 0;
			defaultConfigurationName = Release;
		};
		CC5DCF5C1A014277000C813E /* Build configuration list for PBXNativeTarget "ScrapHeapTests" */ = {
			isa = XCConfigurationList;
			buildConfigurations = (
				CC5DCF5D1A014277000C813E /* Debug */,
				CC5DCF5E1A014277000C813E /* Release */,
			);
			defaultConfigurationIsVisible = 0;
			defaultConfigurationName = Release;
		};
/* End XCConfigurationList section */

/* Begin XCVersionGroup section */
		CC5DCF3D1A014277000C813E /* ScrapHeap.xcdatamodeld */ = {
			isa = XCVersionGroup;
			children = (
				CC5DCF3E1A014277000C813E /* ScrapHeap.xcdatamodel */,
			);
			currentVersion = CC5DCF3E1A014277000C813E /* ScrapHeap.xcdatamodel */;
			path = ScrapHeap.xcdatamodeld;
			sourceTree = "<group>";
			versionGroupType = wrapper.xcdatamodel;
		};
		CCFE8DC51A07EEC40066C8C0 /* ScrapHeap.xcdatamodeld */ = {
			isa = XCVersionGroup;
			children = (
				CCFE8DC61A07EEC40066C8C0 /* ScrapHeap.xcdatamodel */,
			);
			currentVersion = CCFE8DC61A07EEC40066C8C0 /* ScrapHeap.xcdatamodel */;
			name = ScrapHeap.xcdatamodeld;
			path = ../../../../ScrapHeap.xcdatamodeld;
			sourceTree = "<group>";
			versionGroupType = wrapper.xcdatamodel;
		};
/* End XCVersionGroup section */
	};
	rootObject = CC5DCF2B1A014276000C813E /* Project object */;
}
