// !$*UTF8*$!
{
	archiveVersion = 1;
	classes = {
	};
	objectVersion = 46;
	objects = {

/* Begin PBXBuildFile section */
		CC5DCF391A014277000C813E /* main.m in Sources */ = {isa = PBXBuildFile; fileRef = CC5DCF381A014277000C813E /* main.m */; };
		CC5DCF3C1A014277000C813E /* SCRAppDelegate.m in Sources */ = {isa = PBXBuildFile; fileRef = CC5DCF3B1A014277000C813E /* SCRAppDelegate.m */; };
		CC5DCF3F1A014277000C813E /* ScrapHeap.xcdatamodeld in Sources */ = {isa = PBXBuildFile; fileRef = CC5DCF3D1A014277000C813E /* ScrapHeap.xcdatamodeld */; };
		CC5DCF451A014277000C813E /* Main.storyboard in Resources */ = {isa = PBXBuildFile; fileRef = CC5DCF431A014277000C813E /* Main.storyboard */; };
		CC5DCF471A014277000C813E /* Images.xcassets in Resources */ = {isa = PBXBuildFile; fileRef = CC5DCF461A014277000C813E /* Images.xcassets */; };
		CC5DCF4A1A014277000C813E /* LaunchScreen.xib in Resources */ = {isa = PBXBuildFile; fileRef = CC5DCF481A014277000C813E /* LaunchScreen.xib */; };
		CC5DCF561A014277000C813E /* ScrapHeapTests.m in Sources */ = {isa = PBXBuildFile; fileRef = CC5DCF551A014277000C813E /* ScrapHeapTests.m */; };
/* End PBXBuildFile section */

/* Begin PBXContainerItemProxy section */
		CC5DCF501A014277000C813E /* PBXContainerItemProxy */ = {
			isa = PBXContainerItemProxy;
			containerPortal = CC5DCF2B1A014276000C813E /* Project object */;
			proxyType = 1;
			remoteGlobalIDString = CC5DCF321A014277000C813E;
			remoteInfo = ScrapHeap;
		};
/* End PBXContainerItemProxy section */

/* Begin PBXFileReference section */
		CC5DCF331A014277000C813E /* ScrapHeap.app */ = {isa = PBXFileReference; explicitFileType = wrapper.application; includeInIndex = 0; path = ScrapHeap.app; sourceTree = BUILT_PRODUCTS_DIR; };
		CC5DCF371A014277000C813E /* Info.plist */ = {isa = PBXFileReference; lastKnownFileType = text.plist.xml; path = Info.plist; sourceTree = "<group>"; };
		CC5DCF381A014277000C813E /* main.m */ = {isa = PBXFileReference; lastKnownFileType = sourcecode.c.objc; path = main.m; sourceTree = "<group>"; };
		CC5DCF3A1A014277000C813E /* SCRAppDelegate.h */ = {isa = PBXFileReference; lastKnownFileType = sourcecode.c.h; path = SCRAppDelegate.h; sourceTree = "<group>"; };
		CC5DCF3B1A014277000C813E /* SCRAppDelegate.m */ = {isa = PBXFileReference; lastKnownFileType = sourcecode.c.objc; path = SCRAppDelegate.m; sourceTree = "<group>"; };
		CC5DCF3E1A014277000C813E /* ScrapHeap.xcdatamodel */ = {isa = PBXFileReference; lastKnownFileType = wrapper.xcdatamodel; path = ScrapHeap.xcdatamodel; sourceTree = "<group>"; };
		CC5DCF441A014277000C813E /* Base */ = {isa = PBXFileReference; lastKnownFileType = file.storyboard; name = Base; path = Base.lproj/Main.storyboard; sourceTree = "<group>"; };
		CC5DCF461A014277000C813E /* Images.xcassets */ = {isa = PBXFileReference; lastKnownFileType = folder.assetcatalog; path = Images.xcassets; sourceTree = "<group>"; };
		CC5DCF491A014277000C813E /* Base */ = {isa = PBXFileReference; lastKnownFileType = file.xib; name = Base; path = Base.lproj/LaunchScreen.xib; sourceTree = "<group>"; };
		CC5DCF4F1A014277000C813E /* ScrapHeapTests.xctest */ = {isa = PBXFileReference; explicitFileType = wrapper.cfbundle; includeInIndex = 0; path = ScrapHeapTests.xctest; sourceTree = BUILT_PRODUCTS_DIR; };
		CC5DCF541A014277000C813E /* Info.plist */ = {isa = PBXFileReference; lastKnownFileType = text.plist.xml; path = Info.plist; sourceTree = "<group>"; };
		CC5DCF551A014277000C813E /* ScrapHeapTests.m */ = {isa = PBXFileReference; lastKnownFileType = sourcecode.c.objc; path = ScrapHeapTests.m; sourceTree = "<group>"; };
/* End PBXFileReference section */

/* Begin PBXFrameworksBuildPhase section */
		CC5DCF301A014277000C813E /* Frameworks */ = {
			isa = PBXFrameworksBuildPhase;
			buildActionMask = 2147483647;
			files = (
			);
			runOnlyForDeploymentPostprocessing = 0;
		};
		CC5DCF4C1A014277000C813E /* Frameworks */ = {
			isa = PBXFrameworksBuildPhase;
			buildActionMask = 2147483647;
			files = (
			);
			runOnlyForDeploymentPostprocessing = 0;
		};
/* End PBXFrameworksBuildPhase section */

/* Begin PBXGroup section */
		CC5DCF2A1A014276000C813E = {
			isa = PBXGroup;
			children = (
				CC5DCF351A014277000C813E /* ScrapHeap */,
				CC5DCF521A014277000C813E /* ScrapHeapTests */,
				CC5DCF341A014277000C813E /* Products */,
			);
			sourceTree = "<group>";
		};
		CC5DCF341A014277000C813E /* Products */ = {
			isa = PBXGroup;
			children = (
				CC5DCF331A014277000C813E /* ScrapHeap.app */,
				CC5DCF4F1A014277000C813E /* ScrapHeapTests.xctest */,
			);
			name = Products;
			sourceTree = "<group>";
		};
		CC5DCF351A014277000C813E /* ScrapHeap */ = {
			isa = PBXGroup;
			children = (
				CC5DCF3A1A014277000C813E /* SCRAppDelegate.h */,
				CC5DCF3B1A014277000C813E /* SCRAppDelegate.m */,
				CC5DCF5F1A0153B9000C813E /* Categories */,
				CC5DCF601A0153B9000C813E /* Models */,
				CC5DCF611A0153B9000C813E /* Networking */,
				CC5DCF621A0153B9000C813E /* ViewControllers */,
				CC5DCF631A0153B9000C813E /* Views */,
				CC5DCF431A014277000C813E /* Main.storyboard */,
				CC5DCF461A014277000C813E /* Images.xcassets */,
				CC5DCF481A014277000C813E /* LaunchScreen.xib */,
				CC5DCF3D1A014277000C813E /* ScrapHeap.xcdatamodeld */,
				CC5DCF361A014277000C813E /* Supporting Files */,
			);
			path = ScrapHeap;
			sourceTree = "<group>";
		};
		CC5DCF361A014277000C813E /* Supporting Files */ = {
			isa = PBXGroup;
			children = (
				CC5DCF371A014277000C813E /* Info.plist */,
				CC5DCF381A014277000C813E /* main.m */,
			);
			name = "Supporting Files";
			sourceTree = "<group>";
		};
		CC5DCF521A014277000C813E /* ScrapHeapTests */ = {
			isa = PBXGroup;
			children = (
				CC5DCF551A014277000C813E /* ScrapHeapTests.m */,
				CC5DCF531A014277000C813E /* Supporting Files */,
			);
			path = ScrapHeapTests;
			sourceTree = "<group>";
		};
		CC5DCF531A014277000C813E /* Supporting Files */ = {
			isa = PBXGroup;
			children = (
				CC5DCF541A014277000C813E /* Info.plist */,
			);
			name = "Supporting Files";
			sourceTree = "<group>";
		};
		CC5DCF5F1A0153B9000C813E /* Categories */ = {
			isa = PBXGroup;
			children = (
			);
			path = Categories;
			sourceTree = "<group>";
		};
		CC5DCF601A0153B9000C813E /* Models */ = {
			isa = PBXGroup;
			children = (
			);
			path = Models;
			sourceTree = "<group>";
		};
		CC5DCF611A0153B9000C813E /* Networking */ = {
			isa = PBXGroup;
			children = (
			);
			path = Networking;
			sourceTree = "<group>";
		};
		CC5DCF621A0153B9000C813E /* ViewControllers */ = {
			isa = PBXGroup;
			children = (
			);
			path = ViewControllers;
			sourceTree = "<group>";
		};
		CC5DCF631A0153B9000C813E /* Views */ = {
			isa = PBXGroup;
			children = (
			);
			path = Views;
			sourceTree = "<group>";
		};
/* End PBXGroup section */

/* Begin PBXNativeTarget section */
		CC5DCF321A014277000C813E /* ScrapHeap */ = {
			isa = PBXNativeTarget;
			buildConfigurationList = CC5DCF591A014277000C813E /* Build configuration list for PBXNativeTarget "ScrapHeap" */;
			buildPhases = (
				CC5DCF2F1A014277000C813E /* Sources */,
				CC5DCF301A014277000C813E /* Frameworks */,
				CC5DCF311A014277000C813E /* Resources */,
			);
			buildRules = (
			);
			dependencies = (
			);
			name = ScrapHeap;
			productName = ScrapHeap;
			productReference = CC5DCF331A014277000C813E /* ScrapHeap.app */;
			productType = "com.apple.product-type.application";
		};
		CC5DCF4E1A014277000C813E /* ScrapHeapTests */ = {
			isa = PBXNativeTarget;
			buildConfigurationList = CC5DCF5C1A014277000C813E /* Build configuration list for PBXNativeTarget "ScrapHeapTests" */;
			buildPhases = (
				CC5DCF4B1A014277000C813E /* Sources */,
				CC5DCF4C1A014277000C813E /* Frameworks */,
				CC5DCF4D1A014277000C813E /* Resources */,
			);
			buildRules = (
			);
			dependencies = (
				CC5DCF511A014277000C813E /* PBXTargetDependency */,
			);
			name = ScrapHeapTests;
			productName = ScrapHeapTests;
			productReference = CC5DCF4F1A014277000C813E /* ScrapHeapTests.xctest */;
			productType = "com.apple.product-type.bundle.unit-test";
		};
/* End PBXNativeTarget section */

/* Begin PBXProject section */
		CC5DCF2B1A014276000C813E /* Project object */ = {
			isa = PBXProject;
			attributes = {
				LastUpgradeCheck = 0610;
				ORGANIZATIONNAME = "Rachel Hyman";
				TargetAttributes = {
					CC5DCF321A014277000C813E = {
						CreatedOnToolsVersion = 6.1;
					};
					CC5DCF4E1A014277000C813E = {
						CreatedOnToolsVersion = 6.1;
						TestTargetID = CC5DCF321A014277000C813E;
					};
				};
			};
			buildConfigurationList = CC5DCF2E1A014276000C813E /* Build configuration list for PBXProject "ScrapHeap" */;
			compatibilityVersion = "Xcode 3.2";
			developmentRegion = English;
			hasScannedForEncodings = 0;
			knownRegions = (
				en,
				Base,
			);
			mainGroup = CC5DCF2A1A014276000C813E;
			productRefGroup = CC5DCF341A014277000C813E /* Products */;
			projectDirPath = "";
			projectRoot = "";
			targets = (
				CC5DCF321A014277000C813E /* ScrapHeap */,
				CC5DCF4E1A014277000C813E /* ScrapHeapTests */,
			);
		};
/* End PBXProject section */

/* Begin PBXResourcesBuildPhase section */
		CC5DCF311A014277000C813E /* Resources */ = {
			isa = PBXResourcesBuildPhase;
			buildActionMask = 2147483647;
			files = (
				CC5DCF451A014277000C813E /* Main.storyboard in Resources */,
				CC5DCF4A1A014277000C813E /* LaunchScreen.xib in Resources */,
				CC5DCF471A014277000C813E /* Images.xcassets in Resources */,
			);
			runOnlyForDeploymentPostprocessing = 0;
		};
		CC5DCF4D1A014277000C813E /* Resources */ = {
			isa = PBXResourcesBuildPhase;
			buildActionMask = 2147483647;
			files = (
			);
			runOnlyForDeploymentPostprocessing = 0;
		};
/* End PBXResourcesBuildPhase section */

/* Begin PBXSourcesBuildPhase section */
		CC5DCF2F1A014277000C813E /* Sources */ = {
			isa = PBXSourcesBuildPhase;
			buildActionMask = 2147483647;
			files = (
				CC5DCF3C1A014277000C813E /* SCRAppDelegate.m in Sources */,
				CC5DCF391A014277000C813E /* main.m in Sources */,
				CC5DCF3F1A014277000C813E /* ScrapHeap.xcdatamodeld in Sources */,
			);
			runOnlyForDeploymentPostprocessing = 0;
		};
		CC5DCF4B1A014277000C813E /* Sources */ = {
			isa = PBXSourcesBuildPhase;
			buildActionMask = 2147483647;
			files = (
				CC5DCF561A014277000C813E /* ScrapHeapTests.m in Sources */,
			);
			runOnlyForDeploymentPostprocessing = 0;
		};
/* End PBXSourcesBuildPhase section */

/* Begin PBXTargetDependency section */
		CC5DCF511A014277000C813E /* PBXTargetDependency */ = {
			isa = PBXTargetDependency;
			target = CC5DCF321A014277000C813E /* ScrapHeap */;
			targetProxy = CC5DCF501A014277000C813E /* PBXContainerItemProxy */;
		};
/* End PBXTargetDependency section */

/* Begin PBXVariantGroup section */
		CC5DCF431A014277000C813E /* Main.storyboard */ = {
			isa = PBXVariantGroup;
			children = (
				CC5DCF441A014277000C813E /* Base */,
			);
			name = Main.storyboard;
			sourceTree = "<group>";
		};
		CC5DCF481A014277000C813E /* LaunchScreen.xib */ = {
			isa = PBXVariantGroup;
			children = (
				CC5DCF491A014277000C813E /* Base */,
			);
			name = LaunchScreen.xib;
			sourceTree = "<group>";
		};
/* End PBXVariantGroup section */

/* Begin XCBuildConfiguration section */
		CC5DCF571A014277000C813E /* Debug */ = {
			isa = XCBuildConfiguration;
			buildSettings = {
				ALWAYS_SEARCH_USER_PATHS = NO;
				CLANG_CXX_LANGUAGE_STANDARD = "gnu++0x";
				CLANG_CXX_LIBRARY = "libc++";
				CLANG_ENABLE_MODULES = YES;
				CLANG_ENABLE_OBJC_ARC = YES;
				CLANG_WARN_BOOL_CONVERSION = YES;
				CLANG_WARN_CONSTANT_CONVERSION = YES;
				CLANG_WARN_DIRECT_OBJC_ISA_USAGE = YES_ERROR;
				CLANG_WARN_EMPTY_BODY = YES;
				CLANG_WARN_ENUM_CONVERSION = YES;
				CLANG_WARN_INT_CONVERSION = YES;
				CLANG_WARN_OBJC_ROOT_CLASS = YES_ERROR;
				CLANG_WARN_UNREACHABLE_CODE = YES;
				CLANG_WARN__DUPLICATE_METHOD_MATCH = YES;
				"CODE_SIGN_IDENTITY[sdk=iphoneos*]" = "iPhone Developer";
				COPY_PHASE_STRIP = NO;
				ENABLE_STRICT_OBJC_MSGSEND = YES;
				GCC_C_LANGUAGE_STANDARD = gnu99;
				GCC_DYNAMIC_NO_PIC = NO;
				GCC_OPTIMIZATION_LEVEL = 0;
				GCC_PREPROCESSOR_DEFINITIONS = (
					"DEBUG=1",
					"$(inherited)",
				);
				GCC_SYMBOLS_PRIVATE_EXTERN = NO;
				GCC_WARN_64_TO_32_BIT_CONVERSION = YES;
				GCC_WARN_ABOUT_RETURN_TYPE = YES_ERROR;
				GCC_WARN_UNDECLARED_SELECTOR = YES;
				GCC_WARN_UNINITIALIZED_AUTOS = YES_AGGRESSIVE;
				GCC_WARN_UNUSED_FUNCTION = YES;
				GCC_WARN_UNUSED_VARIABLE = YES;
				IPHONEOS_DEPLOYMENT_TARGET = 8.1;
				MTL_ENABLE_DEBUG_INFO = YES;
				ONLY_ACTIVE_ARCH = YES;
				SDKROOT = iphoneos;
			};
			name = Debug;
		};
		CC5DCF581A014277000C813E /* Release */ = {
			isa = XCBuildConfiguration;
			buildSettings = {
				ALWAYS_SEARCH_USER_PATHS = NO;
				CLANG_CXX_LANGUAGE_STANDARD = "gnu++0x";
				CLANG_CXX_LIBRARY = "libc++";
				CLANG_ENABLE_MODULES = YES;
				CLANG_ENABLE_OBJC_ARC = YES;
				CLANG_WARN_BOOL_CONVERSION = YES;
				CLANG_WARN_CONSTANT_CONVERSION = YES;
				CLANG_WARN_DIRECT_OBJC_ISA_USAGE = YES_ERROR;
				CLANG_WARN_EMPTY_BODY = YES;
				CLANG_WARN_ENUM_CONVERSION = YES;
				CLANG_WARN_INT_CONVERSION = YES;
				CLANG_WARN_OBJC_ROOT_CLASS = YES_ERROR;
				CLANG_WARN_UNREACHABLE_CODE = YES;
				CLANG_WARN__DUPLICATE_METHOD_MATCH = YES;
				"CODE_SIGN_IDENTITY[sdk=iphoneos*]" = "iPhone Developer";
				COPY_PHASE_STRIP = YES;
				ENABLE_NS_ASSERTIONS = NO;
				ENABLE_STRICT_OBJC_MSGSEND = YES;
				GCC_C_LANGUAGE_STANDARD = gnu99;
				GCC_WARN_64_TO_32_BIT_CONVERSION = YES;
				GCC_WARN_ABOUT_RETURN_TYPE = YES_ERROR;
				GCC_WARN_UNDECLARED_SELECTOR = YES;
				GCC_WARN_UNINITIALIZED_AUTOS = YES_AGGRESSIVE;
				GCC_WARN_UNUSED_FUNCTION = YES;
				GCC_WARN_UNUSED_VARIABLE = YES;
				IPHONEOS_DEPLOYMENT_TARGET = 8.1;
				MTL_ENABLE_DEBUG_INFO = NO;
				SDKROOT = iphoneos;
				VALIDATE_PRODUCT = YES;
			};
			name = Release;
		};
		CC5DCF5A1A014277000C813E /* Debug */ = {
			isa = XCBuildConfiguration;
			buildSettings = {
				ASSETCATALOG_COMPILER_APPICON_NAME = AppIcon;
				INFOPLIST_FILE = ScrapHeap/Info.plist;
				IPHONEOS_DEPLOYMENT_TARGET = 8.1;
				LD_RUNPATH_SEARCH_PATHS = "$(inherited) @executable_path/Frameworks";
				PRODUCT_NAME = "$(TARGET_NAME)";
			};
			name = Debug;
		};
		CC5DCF5B1A014277000C813E /* Release */ = {
			isa = XCBuildConfiguration;
			buildSettings = {
				ASSETCATALOG_COMPILER_APPICON_NAME = AppIcon;
				INFOPLIST_FILE = ScrapHeap/Info.plist;
				IPHONEOS_DEPLOYMENT_TARGET = 8.1;
				LD_RUNPATH_SEARCH_PATHS = "$(inherited) @executable_path/Frameworks";
				PRODUCT_NAME = "$(TARGET_NAME)";
			};
			name = Release;
		};
		CC5DCF5D1A014277000C813E /* Debug */ = {
			isa = XCBuildConfiguration;
			buildSettings = {
				BUNDLE_LOADER = "$(TEST_HOST)";
				FRAMEWORK_SEARCH_PATHS = (
					"$(SDKROOT)/Developer/Library/Frameworks",
					"$(inherited)",
				);
				GCC_PREPROCESSOR_DEFINITIONS = (
					"DEBUG=1",
					"$(inherited)",
				);
				INFOPLIST_FILE = ScrapHeapTests/Info.plist;
				LD_RUNPATH_SEARCH_PATHS = "$(inherited) @executable_path/Frameworks @loader_path/Frameworks";
				PRODUCT_NAME = "$(TARGET_NAME)";
				TEST_HOST = "$(BUILT_PRODUCTS_DIR)/ScrapHeap.app/ScrapHeap";
			};
			name = Debug;
		};
		CC5DCF5E1A014277000C813E /* Release */ = {
			isa = XCBuildConfiguration;
			buildSettings = {
				BUNDLE_LOADER = "$(TEST_HOST)";
				FRAMEWORK_SEARCH_PATHS = (
					"$(SDKROOT)/Developer/Library/Frameworks",
					"$(inherited)",
				);
				INFOPLIST_FILE = ScrapHeapTests/Info.plist;
				LD_RUNPATH_SEARCH_PATHS = "$(inherited) @executable_path/Frameworks @loader_path/Frameworks";
				PRODUCT_NAME = "$(TARGET_NAME)";
				TEST_HOST = "$(BUILT_PRODUCTS_DIR)/ScrapHeap.app/ScrapHeap";
			};
			name = Release;
		};
/* End XCBuildConfiguration section */

/* Begin XCConfigurationList section */
		CC5DCF2E1A014276000C813E /* Build configuration list for PBXProject "ScrapHeap" */ = {
			isa = XCConfigurationList;
			buildConfigurations = (
				CC5DCF571A014277000C813E /* Debug */,
				CC5DCF581A014277000C813E /* Release */,
			);
			defaultConfigurationIsVisible = 0;
			defaultConfigurationName = Release;
		};
		CC5DCF591A014277000C813E /* Build configuration list for PBXNativeTarget "ScrapHeap" */ = {
			isa = XCConfigurationList;
			buildConfigurations = (
				CC5DCF5A1A014277000C813E /* Debug */,
				CC5DCF5B1A014277000C813E /* Release */,
			);
			defaultConfigurationIsVisible = 0;
		};
		CC5DCF5C1A014277000C813E /* Build configuration list for PBXNativeTarget "ScrapHeapTests" */ = {
			isa = XCConfigurationList;
			buildConfigurations = (
				CC5DCF5D1A014277000C813E /* Debug */,
				CC5DCF5E1A014277000C813E /* Release */,
			);
			defaultConfigurationIsVisible = 0;
		};
/* End XCConfigurationList section */

/* Begin XCVersionGroup section */
		CC5DCF3D1A014277000C813E /* ScrapHeap.xcdatamodeld */ = {
			isa = XCVersionGroup;
			children = (
				CC5DCF3E1A014277000C813E /* ScrapHeap.xcdatamodel */,
			);
			currentVersion = CC5DCF3E1A014277000C813E /* ScrapHeap.xcdatamodel */;
			path = ScrapHeap.xcdatamodeld;
			sourceTree = "<group>";
			versionGroupType = wrapper.xcdatamodel;
		};
/* End XCVersionGroup section */
	};
	rootObject = CC5DCF2B1A014276000C813E /* Project object */;
}
